
Microsoft Visual Studio Solution File, Format Version 12.00
# Visual Studio 2013
VisualStudioVersion = 12.0.30110.0
MinimumVisualStudioVersion = 10.0.40219.1
Project("{FAE04EC0-301F-11D3-BF4B-00C04F79EFBC}") = "Noodum.Wokamon.Sunny.Core", "Noodum.Wokamon.Sunny.Core\Noodum.Wokamon.Sunny.Core.csproj", "{163340C5-AB68-4EE4-BDF7-8E541CB64DDC}"
EndProject
Project("{FAE04EC0-301F-11D3-BF4B-00C04F79EFBC}") = "Noodum.Wokamon.Sunny.SensorDataCollector", "Noodum.Wokamon.Sunny.SensorDataCollector\Noodum.Wokamon.Sunny.SensorDataCollector.csproj", "{56C17202-6B45-4A48-847D-F689639E832B}"
EndProject
Project("{FAE04EC0-301F-11D3-BF4B-00C04F79EFBC}") = "Noodum.Wokamon.Sunny.SensorDataCollector.Tests", "Noodum.Wokamon.Sunny.SensorDataCollector.Tests\Noodum.Wokamon.Sunny.SensorDataCollector.Tests.csproj", "{C245B329-C191-471F-9E39-5ECA515E93ED}"
EndProject
Project("{FAE04EC0-301F-11D3-BF4B-00C04F79EFBC}") = "Noodum.Wokamon.Sunny.Core.Test", "Noodum.Wokamon.Sunny.Core.Test\Noodum.Wokamon.Sunny.Core.Test.csproj", "{57ABC255-1C2F-4536-8741-068DA9E0F59D}"
EndProject
Project("{FAE04EC0-301F-11D3-BF4B-00C04F79EFBC}") = "Noodum.Wokamon.Sunny.PreproduceRobot", "Noodum.Wokamon.Sunny.PreproduceRobot\Noodum.Wokamon.Sunny.PreproduceRobot.csproj", "{71658944-4EFF-43D1-BD5E-95E7B34A80CA}"
EndProject
Global
	GlobalSection(SolutionConfigurationPlatforms) = preSolution
		Debug|Any CPU = Debug|Any CPU
		Release|Any CPU = Release|Any CPU
	EndGlobalSection
	GlobalSection(ProjectConfigurationPlatforms) = postSolution
		{163340C5-AB68-4EE4-BDF7-8E541CB64DDC}.Debug|Any CPU.ActiveCfg = Debug|Any CPU
		{163340C5-AB68-4EE4-BDF7-8E541CB64DDC}.Debug|Any CPU.Build.0 = Debug|Any CPU
		{163340C5-AB68-4EE4-BDF7-8E541CB64DDC}.Release|Any CPU.ActiveCfg = Release|Any CPU
		{163340C5-AB68-4EE4-BDF7-8E541CB64DDC}.Release|Any CPU.Build.0 = Release|Any CPU
		{56C17202-6B45-4A48-847D-F689639E832B}.Debug|Any CPU.ActiveCfg = Debug|Any CPU
		{56C17202-6B45-4A48-847D-F689639E832B}.Debug|Any CPU.Build.0 = Debug|Any CPU
		{56C17202-6B45-4A48-847D-F689639E832B}.Release|Any CPU.ActiveCfg = Release|Any CPU
		{56C17202-6B45-4A48-847D-F689639E832B}.Release|Any CPU.Build.0 = Release|Any CPU
		{C245B329-C191-471F-9E39-5ECA515E93ED}.Debug|Any CPU.ActiveCfg = Debug|Any CPU
		{C245B329-C191-471F-9E39-5ECA515E93ED}.Debug|Any CPU.Build.0 = Debug|Any CPU
		{C245B329-C191-471F-9E39-5ECA515E93ED}.Release|Any CPU.ActiveCfg = Release|Any CPU
		{C245B329-C191-471F-9E39-5ECA515E93ED}.Release|Any CPU.Build.0 = Release|Any CPU
		{57ABC255-1C2F-4536-8741-068DA9E0F59D}.Debug|Any CPU.ActiveCfg = Debug|Any CPU
		{57ABC255-1C2F-4536-8741-068DA9E0F59D}.Debug|Any CPU.Build.0 = Debug|Any CPU
		{57ABC255-1C2F-4536-8741-068DA9E0F59D}.Release|Any CPU.ActiveCfg = Release|Any CPU
		{57ABC255-1C2F-4536-8741-068DA9E0F59D}.Release|Any CPU.Build.0 = Release|Any CPU
		{71658944-4EFF-43D1-BD5E-95E7B34A80CA}.Debug|Any CPU.ActiveCfg = Debug|Any CPU
		{71658944-4EFF-43D1-BD5E-95E7B34A80CA}.Debug|Any CPU.Build.0 = Debug|Any CPU
		{71658944-4EFF-43D1-BD5E-95E7B34A80CA}.Release|Any CPU.ActiveCfg = Release|Any CPU
		{71658944-4EFF-43D1-BD5E-95E7B34A80CA}.Release|Any CPU.Build.0 = Release|Any CPU
	EndGlobalSection
	GlobalSection(SolutionProperties) = preSolution
		HideSolutionNode = FALSE
	EndGlobalSection
EndGlobal
